
Microsoft Visual Studio Solution File, Format Version 12.00
# Visual Studio Version 17
VisualStudioVersion = 17.8.34525.116
MinimumVisualStudioVersion = 10.0.40219.1
Project("{FAE04EC0-301F-11D3-BF4B-00C04F79EFBC}") = "UserProvider", "UserProvider\UserProvider.csproj", "{8293C8FE-A523-4C24-8164-2952B795B0AF}"
EndProject
Project("{FAE04EC0-301F-11D3-BF4B-00C04F79EFBC}") = "Data", "Data\Data.csproj", "{66075FB4-607A-4FE3-B9CF-38C688C91B13}"
EndProject
Global
	GlobalSection(SolutionConfigurationPlatforms) = preSolution
		Debug|Any CPU = Debug|Any CPU
		Release|Any CPU = Release|Any CPU
	EndGlobalSection
	GlobalSection(ProjectConfigurationPlatforms) = postSolution
		{8293C8FE-A523-4C24-8164-2952B795B0AF}.Debug|Any CPU.ActiveCfg = Debug|Any CPU
		{8293C8FE-A523-4C24-8164-2952B795B0AF}.Debug|Any CPU.Build.0 = Debug|Any CPU
		{8293C8FE-A523-4C24-8164-2952B795B0AF}.Release|Any CPU.ActiveCfg = Release|Any CPU
		{8293C8FE-A523-4C24-8164-2952B795B0AF}.Release|Any CPU.Build.0 = Release|Any CPU
		{66075FB4-607A-4FE3-B9CF-38C688C91B13}.Debug|Any CPU.ActiveCfg = Debug|Any CPU
		{66075FB4-607A-4FE3-B9CF-38C688C91B13}.Debug|Any CPU.Build.0 = Debug|Any CPU
		{66075FB4-607A-4FE3-B9CF-38C688C91B13}.Release|Any CPU.ActiveCfg = Release|Any CPU
		{66075FB4-607A-4FE3-B9CF-38C688C91B13}.Release|Any CPU.Build.0 = Release|Any CPU
	EndGlobalSection
	GlobalSection(SolutionProperties) = preSolution
		HideSolutionNode = FALSE
	EndGlobalSection
	GlobalSection(ExtensibilityGlobals) = postSolution
		SolutionGuid = {E0B29258-48EC-4B6C-9F60-352D69CFBE73}
	EndGlobalSection
EndGlobal
